
Microsoft Visual Studio Solution File, Format Version 12.00
# Visual Studio 15
VisualStudioVersion = 15.0.26730.16
MinimumVisualStudioVersion = 10.0.40219.1
Project("{FAE04EC0-301F-11D3-BF4B-00C04F79EFBC}") = "coffee_pos_603410155-3", "coffee_pos_603410155-3\coffee_pos_603410155-3.csproj", "{953E06F7-22AA-47E7-A066-60E2170BD864}"
EndProject
Global
	GlobalSection(SolutionConfigurationPlatforms) = preSolution
		Debug|Any CPU = Debug|Any CPU
		Release|Any CPU = Release|Any CPU
	EndGlobalSection
	GlobalSection(ProjectConfigurationPlatforms) = postSolution
		{953E06F7-22AA-47E7-A066-60E2170BD864}.Debug|Any CPU.ActiveCfg = Debug|Any CPU
		{953E06F7-22AA-47E7-A066-60E2170BD864}.Debug|Any CPU.Build.0 = Debug|Any CPU
		{953E06F7-22AA-47E7-A066-60E2170BD864}.Release|Any CPU.ActiveCfg = Release|Any CPU
		{953E06F7-22AA-47E7-A066-60E2170BD864}.Release|Any CPU.Build.0 = Release|Any CPU
	EndGlobalSection
	GlobalSection(SolutionProperties) = preSolution
		HideSolutionNode = FALSE
	EndGlobalSection
	GlobalSection(ExtensibilityGlobals) = postSolution
		SolutionGuid = {AE5DE8C4-6BC0-4816-BEFA-D006F89CFAD5}
	EndGlobalSection
EndGlobal
